
Microsoft Visual Studio Solution File, Format Version 12.00
# Visual Studio 14
VisualStudioVersion = 14.0.25420.1
MinimumVisualStudioVersion = 10.0.40219.1
Project("{FAE04EC0-301F-11D3-BF4B-00C04F79EFBC}") = "BZFlag.Networking.Client", "BZFlag.Networking.Client\BZFlag.Networking.Client.csproj", "{CF984932-7B25-4B21-A9DD-40BA12748BB6}"
EndProject
Project("{FAE04EC0-301F-11D3-BF4B-00C04F79EFBC}") = "ConnectionTester", "Tests\ConnectionTester\ConnectionTester.csproj", "{2C4D16ED-1019-4332-8F05-31B848D64E76}"
EndProject
Project("{FAE04EC0-301F-11D3-BF4B-00C04F79EFBC}") = "BZFlag.Data", "BZFlag.Data\BZFlag.Data.csproj", "{E20FC2B8-A7D1-4AD7-9B04-7F7D2E1C6056}"
EndProject
Project("{FAE04EC0-301F-11D3-BF4B-00C04F79EFBC}") = "BZFlag.Authentication", "BZFlag.Authentication\BZFlag.Authentication.csproj", "{310E93A9-1EC2-4909-B96B-C08F02B34F63}"
EndProject
Global
	GlobalSection(SolutionConfigurationPlatforms) = preSolution
		Debug|Any CPU = Debug|Any CPU
		Release|Any CPU = Release|Any CPU
	EndGlobalSection
	GlobalSection(ProjectConfigurationPlatforms) = postSolution
		{CF984932-7B25-4B21-A9DD-40BA12748BB6}.Debug|Any CPU.ActiveCfg = Debug|Any CPU
		{CF984932-7B25-4B21-A9DD-40BA12748BB6}.Debug|Any CPU.Build.0 = Debug|Any CPU
		{CF984932-7B25-4B21-A9DD-40BA12748BB6}.Release|Any CPU.ActiveCfg = Release|Any CPU
		{CF984932-7B25-4B21-A9DD-40BA12748BB6}.Release|Any CPU.Build.0 = Release|Any CPU
		{2C4D16ED-1019-4332-8F05-31B848D64E76}.Debug|Any CPU.ActiveCfg = Debug|Any CPU
		{2C4D16ED-1019-4332-8F05-31B848D64E76}.Debug|Any CPU.Build.0 = Debug|Any CPU
		{2C4D16ED-1019-4332-8F05-31B848D64E76}.Release|Any CPU.ActiveCfg = Release|Any CPU
		{2C4D16ED-1019-4332-8F05-31B848D64E76}.Release|Any CPU.Build.0 = Release|Any CPU
		{E20FC2B8-A7D1-4AD7-9B04-7F7D2E1C6056}.Debug|Any CPU.ActiveCfg = Debug|Any CPU
		{E20FC2B8-A7D1-4AD7-9B04-7F7D2E1C6056}.Debug|Any CPU.Build.0 = Debug|Any CPU
		{E20FC2B8-A7D1-4AD7-9B04-7F7D2E1C6056}.Release|Any CPU.ActiveCfg = Release|Any CPU
		{E20FC2B8-A7D1-4AD7-9B04-7F7D2E1C6056}.Release|Any CPU.Build.0 = Release|Any CPU
		{310E93A9-1EC2-4909-B96B-C08F02B34F63}.Debug|Any CPU.ActiveCfg = Debug|Any CPU
		{310E93A9-1EC2-4909-B96B-C08F02B34F63}.Debug|Any CPU.Build.0 = Debug|Any CPU
		{310E93A9-1EC2-4909-B96B-C08F02B34F63}.Release|Any CPU.ActiveCfg = Release|Any CPU
		{310E93A9-1EC2-4909-B96B-C08F02B34F63}.Release|Any CPU.Build.0 = Release|Any CPU
	EndGlobalSection
	GlobalSection(SolutionProperties) = preSolution
		HideSolutionNode = FALSE
	EndGlobalSection
EndGlobal
