
Microsoft Visual Studio Solution File, Format Version 12.00
# Visual Studio 14
VisualStudioVersion = 14.0.25420.1
MinimumVisualStudioVersion = 10.0.40219.1
Project("{FAE04EC0-301F-11D3-BF4B-00C04F79EFBC}") = "BZFlag.Networking.Client", "BZFlag.Networking.Client\BZFlag.Networking.Client.csproj", "{CF984932-7B25-4B21-A9DD-40BA12748BB6}"
EndProject
Project("{FAE04EC0-301F-11D3-BF4B-00C04F79EFBC}") = "ConnectionTester", "Tests\ConnectionTester\ConnectionTester.csproj", "{2C4D16ED-1019-4332-8F05-31B848D64E76}"
EndProject
Project("{FAE04EC0-301F-11D3-BF4B-00C04F79EFBC}") = "BZFlag.Data", "BZFlag.Data\BZFlag.Data.csproj", "{E20FC2B8-A7D1-4AD7-9B04-7F7D2E1C6056}"
EndProject
Project("{FAE04EC0-301F-11D3-BF4B-00C04F79EFBC}") = "BZFlag.Authentication", "BZFlag.Authentication\BZFlag.Authentication.csproj", "{310E93A9-1EC2-4909-B96B-C08F02B34F63}"
EndProject
Project("{FAE04EC0-301F-11D3-BF4B-00C04F79EFBC}") = "BZFlag.Map", "BZFlag.Map\BZFlag.Map.csproj", "{4C5393F4-0040-41C3-A7EF-A6692BDA7E59}"
EndProject
Project("{FAE04EC0-301F-11D3-BF4B-00C04F79EFBC}") = "ReaderTest", "Tests\ReaderTest\ReaderTest.csproj", "{3F012837-E7A3-4BC7-9044-728766C5CFCE}"
EndProject
Project("{2150E333-8FDC-42A3-9474-1A3956D46DE8}") = "Tests", "Tests", "{D40E9B5F-6F75-468D-B946-E1442078490D}"
EndProject
Project("{FAE04EC0-301F-11D3-BF4B-00C04F79EFBC}") = "BZFlag.IO.BZW", "BZFlag.IO.BZW\BZFlag.IO.BZW.csproj", "{45813DAE-E820-4A91-8C97-3CDEF89EBE4B}"
EndProject
Project("{FAE04EC0-301F-11D3-BF4B-00C04F79EFBC}") = "BZFlag.Game.Client", "BZFlag.Game.Client\BZFlag.Game.Client.csproj", "{AE8638E3-4185-4857-B6AA-E5EBE6EE33A8}"
EndProject
Project("{FAE04EC0-301F-11D3-BF4B-00C04F79EFBC}") = "TestClient", "Tests\TestClient\TestClient.csproj", "{05AEE668-6872-4C92-B6FF-F2501C6DB63C}"
EndProject
Project("{FAE04EC0-301F-11D3-BF4B-00C04F79EFBC}") = "BZFlag.Networking.Server", "BZFlag.Networking.Server\BZFlag.Networking.Server.csproj", "{6A69803E-A03F-4351-A8B5-14DE5DADCC41}"
EndProject
Project("{FAE04EC0-301F-11D3-BF4B-00C04F79EFBC}") = "BZFlag.Networking.Common", "BZFlag.Networking.Common\BZFlag.Networking.Common.csproj", "{8594ACFD-A708-4076-8940-A4536F3EEDA2}"
EndProject
Project("{FAE04EC0-301F-11D3-BF4B-00C04F79EFBC}") = "BZFlag.Game.Server", "BZFlag.Game.Server\BZFlag.Game.Server.csproj", "{D24AB624-B161-46FA-B3FF-35DB9C9F796F}"
EndProject
Global
	GlobalSection(SolutionConfigurationPlatforms) = preSolution
		Debug|Any CPU = Debug|Any CPU
		Release|Any CPU = Release|Any CPU
	EndGlobalSection
	GlobalSection(ProjectConfigurationPlatforms) = postSolution
		{CF984932-7B25-4B21-A9DD-40BA12748BB6}.Debug|Any CPU.ActiveCfg = Debug|Any CPU
		{CF984932-7B25-4B21-A9DD-40BA12748BB6}.Debug|Any CPU.Build.0 = Debug|Any CPU
		{CF984932-7B25-4B21-A9DD-40BA12748BB6}.Release|Any CPU.ActiveCfg = Release|Any CPU
		{CF984932-7B25-4B21-A9DD-40BA12748BB6}.Release|Any CPU.Build.0 = Release|Any CPU
		{2C4D16ED-1019-4332-8F05-31B848D64E76}.Debug|Any CPU.ActiveCfg = Debug|Any CPU
		{2C4D16ED-1019-4332-8F05-31B848D64E76}.Debug|Any CPU.Build.0 = Debug|Any CPU
		{2C4D16ED-1019-4332-8F05-31B848D64E76}.Release|Any CPU.ActiveCfg = Release|Any CPU
		{2C4D16ED-1019-4332-8F05-31B848D64E76}.Release|Any CPU.Build.0 = Release|Any CPU
		{E20FC2B8-A7D1-4AD7-9B04-7F7D2E1C6056}.Debug|Any CPU.ActiveCfg = Debug|Any CPU
		{E20FC2B8-A7D1-4AD7-9B04-7F7D2E1C6056}.Debug|Any CPU.Build.0 = Debug|Any CPU
		{E20FC2B8-A7D1-4AD7-9B04-7F7D2E1C6056}.Release|Any CPU.ActiveCfg = Release|Any CPU
		{E20FC2B8-A7D1-4AD7-9B04-7F7D2E1C6056}.Release|Any CPU.Build.0 = Release|Any CPU
		{310E93A9-1EC2-4909-B96B-C08F02B34F63}.Debug|Any CPU.ActiveCfg = Debug|Any CPU
		{310E93A9-1EC2-4909-B96B-C08F02B34F63}.Debug|Any CPU.Build.0 = Debug|Any CPU
		{310E93A9-1EC2-4909-B96B-C08F02B34F63}.Release|Any CPU.ActiveCfg = Release|Any CPU
		{310E93A9-1EC2-4909-B96B-C08F02B34F63}.Release|Any CPU.Build.0 = Release|Any CPU
		{4C5393F4-0040-41C3-A7EF-A6692BDA7E59}.Debug|Any CPU.ActiveCfg = Debug|Any CPU
		{4C5393F4-0040-41C3-A7EF-A6692BDA7E59}.Debug|Any CPU.Build.0 = Debug|Any CPU
		{4C5393F4-0040-41C3-A7EF-A6692BDA7E59}.Release|Any CPU.ActiveCfg = Release|Any CPU
		{4C5393F4-0040-41C3-A7EF-A6692BDA7E59}.Release|Any CPU.Build.0 = Release|Any CPU
		{3F012837-E7A3-4BC7-9044-728766C5CFCE}.Debug|Any CPU.ActiveCfg = Debug|Any CPU
		{3F012837-E7A3-4BC7-9044-728766C5CFCE}.Debug|Any CPU.Build.0 = Debug|Any CPU
		{3F012837-E7A3-4BC7-9044-728766C5CFCE}.Release|Any CPU.ActiveCfg = Release|Any CPU
		{3F012837-E7A3-4BC7-9044-728766C5CFCE}.Release|Any CPU.Build.0 = Release|Any CPU
		{45813DAE-E820-4A91-8C97-3CDEF89EBE4B}.Debug|Any CPU.ActiveCfg = Debug|Any CPU
		{45813DAE-E820-4A91-8C97-3CDEF89EBE4B}.Debug|Any CPU.Build.0 = Debug|Any CPU
		{45813DAE-E820-4A91-8C97-3CDEF89EBE4B}.Release|Any CPU.ActiveCfg = Release|Any CPU
		{45813DAE-E820-4A91-8C97-3CDEF89EBE4B}.Release|Any CPU.Build.0 = Release|Any CPU
		{AE8638E3-4185-4857-B6AA-E5EBE6EE33A8}.Debug|Any CPU.ActiveCfg = Debug|Any CPU
		{AE8638E3-4185-4857-B6AA-E5EBE6EE33A8}.Debug|Any CPU.Build.0 = Debug|Any CPU
		{AE8638E3-4185-4857-B6AA-E5EBE6EE33A8}.Release|Any CPU.ActiveCfg = Release|Any CPU
		{AE8638E3-4185-4857-B6AA-E5EBE6EE33A8}.Release|Any CPU.Build.0 = Release|Any CPU
		{05AEE668-6872-4C92-B6FF-F2501C6DB63C}.Debug|Any CPU.ActiveCfg = Debug|Any CPU
		{05AEE668-6872-4C92-B6FF-F2501C6DB63C}.Debug|Any CPU.Build.0 = Debug|Any CPU
		{05AEE668-6872-4C92-B6FF-F2501C6DB63C}.Release|Any CPU.ActiveCfg = Release|Any CPU
		{05AEE668-6872-4C92-B6FF-F2501C6DB63C}.Release|Any CPU.Build.0 = Release|Any CPU
		{6A69803E-A03F-4351-A8B5-14DE5DADCC41}.Debug|Any CPU.ActiveCfg = Debug|Any CPU
		{6A69803E-A03F-4351-A8B5-14DE5DADCC41}.Debug|Any CPU.Build.0 = Debug|Any CPU
		{6A69803E-A03F-4351-A8B5-14DE5DADCC41}.Release|Any CPU.ActiveCfg = Release|Any CPU
		{6A69803E-A03F-4351-A8B5-14DE5DADCC41}.Release|Any CPU.Build.0 = Release|Any CPU
		{8594ACFD-A708-4076-8940-A4536F3EEDA2}.Debug|Any CPU.ActiveCfg = Debug|Any CPU
		{8594ACFD-A708-4076-8940-A4536F3EEDA2}.Debug|Any CPU.Build.0 = Debug|Any CPU
		{8594ACFD-A708-4076-8940-A4536F3EEDA2}.Release|Any CPU.ActiveCfg = Release|Any CPU
		{8594ACFD-A708-4076-8940-A4536F3EEDA2}.Release|Any CPU.Build.0 = Release|Any CPU
		{D24AB624-B161-46FA-B3FF-35DB9C9F796F}.Debug|Any CPU.ActiveCfg = Debug|Any CPU
		{D24AB624-B161-46FA-B3FF-35DB9C9F796F}.Debug|Any CPU.Build.0 = Debug|Any CPU
		{D24AB624-B161-46FA-B3FF-35DB9C9F796F}.Release|Any CPU.ActiveCfg = Release|Any CPU
		{D24AB624-B161-46FA-B3FF-35DB9C9F796F}.Release|Any CPU.Build.0 = Release|Any CPU
	EndGlobalSection
	GlobalSection(SolutionProperties) = preSolution
		HideSolutionNode = FALSE
	EndGlobalSection
	GlobalSection(NestedProjects) = preSolution
		{2C4D16ED-1019-4332-8F05-31B848D64E76} = {D40E9B5F-6F75-468D-B946-E1442078490D}
		{3F012837-E7A3-4BC7-9044-728766C5CFCE} = {D40E9B5F-6F75-468D-B946-E1442078490D}
		{05AEE668-6872-4C92-B6FF-F2501C6DB63C} = {D40E9B5F-6F75-468D-B946-E1442078490D}
	EndGlobalSection
EndGlobal
