
Microsoft Visual Studio Solution File, Format Version 12.00
# Visual Studio 15
VisualStudioVersion = 15.0.27130.2010
MinimumVisualStudioVersion = 10.0.40219.1
Project("{FAE04EC0-301F-11D3-BF4B-00C04F79EFBC}") = "SamplePlugin", "SamplePlugin\SamplePlugin.csproj", "{B70AF828-476F-45F6-8124-D6BE32054F89}"
EndProject
Global
	GlobalSection(SolutionConfigurationPlatforms) = preSolution
		Debug|Any CPU = Debug|Any CPU
		Release|Any CPU = Release|Any CPU
	EndGlobalSection
	GlobalSection(ProjectConfigurationPlatforms) = postSolution
		{B70AF828-476F-45F6-8124-D6BE32054F89}.Debug|Any CPU.ActiveCfg = Debug|Any CPU
		{B70AF828-476F-45F6-8124-D6BE32054F89}.Debug|Any CPU.Build.0 = Debug|Any CPU
		{B70AF828-476F-45F6-8124-D6BE32054F89}.Release|Any CPU.ActiveCfg = Release|Any CPU
		{B70AF828-476F-45F6-8124-D6BE32054F89}.Release|Any CPU.Build.0 = Release|Any CPU
	EndGlobalSection
	GlobalSection(SolutionProperties) = preSolution
		HideSolutionNode = FALSE
	EndGlobalSection
	GlobalSection(ExtensibilityGlobals) = postSolution
		SolutionGuid = {581E3F17-8978-4F72-9E8C-9A1CE14DEA8C}
	EndGlobalSection
EndGlobal
